
Microsoft Visual Studio Solution File, Format Version 12.00
# Visual Studio 2013
VisualStudioVersion = 12.0.21005.1
MinimumVisualStudioVersion = 10.0.40219.1
Project("{8BC9CEB8-8B4A-11D0-8D11-00A0C91BC942}") = "studentSystem", "studentSystem\studentSystem.vcxproj", "{A0ED7DF6-8461-4A92-A340-149C05AB50CF}"
EndProject
Global
	GlobalSection(SolutionConfigurationPlatforms) = preSolution
		Debug|Win32 = Debug|Win32
		Release|Win32 = Release|Win32
	EndGlobalSection
	GlobalSection(ProjectConfigurationPlatforms) = postSolution
		{A0ED7DF6-8461-4A92-A340-149C05AB50CF}.Debug|Win32.ActiveCfg = Debug|Win32
		{A0ED7DF6-8461-4A92-A340-149C05AB50CF}.Debug|Win32.Build.0 = Debug|Win32
		{A0ED7DF6-8461-4A92-A340-149C05AB50CF}.Release|Win32.ActiveCfg = Release|Win32
		{A0ED7DF6-8461-4A92-A340-149C05AB50CF}.Release|Win32.Build.0 = Release|Win32
	EndGlobalSection
	GlobalSection(SolutionProperties) = preSolution
		HideSolutionNode = FALSE
	EndGlobalSection
EndGlobal
